
Microsoft Visual Studio Solution File, Format Version 12.00
# Visual Studio Version 16
VisualStudioVersion = 16.0.33927.289
MinimumVisualStudioVersion = 10.0.40219.1
Project("{2150E333-8FDC-42A3-9474-1A3956D46DE8}") = "Task Review", "Task Review", "{1394428E-5379-4140-AC7B-1F185110B5AF}"
EndProject
Project("{FAE04EC0-301F-11D3-BF4B-00C04F79EFBC}") = "Tyuiu.ShpilevayaAS.Sprint5.TaskReview.V3", "Tyuiu.ShpilevayaAS.Sprint5.TaskReview.V3\Tyuiu.ShpilevayaAS.Sprint5.TaskReview.V3.csproj", "{0A114E20-9EF2-48B4-A8F9-C24AD863C11C}"
EndProject
Project("{FAE04EC0-301F-11D3-BF4B-00C04F79EFBC}") = "Tyuiu.ShpilevayaAS.Sprint5.TaskReview.V3.Lib", "Tyuiu.ShpilevayaAS.Sprint5.TaskReview.V3.Lib\Tyuiu.ShpilevayaAS.Sprint5.TaskReview.V3.Lib.csproj", "{F9DE23F8-8B23-489A-ADA1-CABF1E9ED11C}"
EndProject
Project("{FAE04EC0-301F-11D3-BF4B-00C04F79EFBC}") = "Tyuiu.ShpilevayaAS.Sprint5.TaskReview.V3.Test", "Tyuiu.ShpilevayaAS.Sprint5.TaskReview.V3.Test\Tyuiu.ShpilevayaAS.Sprint5.TaskReview.V3.Test.csproj", "{DD939586-C15B-48E7-A159-665C91A8D9A4}"
EndProject
Global
	GlobalSection(SolutionConfigurationPlatforms) = preSolution
		Debug|Any CPU = Debug|Any CPU
		Release|Any CPU = Release|Any CPU
	EndGlobalSection
	GlobalSection(ProjectConfigurationPlatforms) = postSolution
		{0A114E20-9EF2-48B4-A8F9-C24AD863C11C}.Debug|Any CPU.ActiveCfg = Debug|Any CPU
		{0A114E20-9EF2-48B4-A8F9-C24AD863C11C}.Debug|Any CPU.Build.0 = Debug|Any CPU
		{0A114E20-9EF2-48B4-A8F9-C24AD863C11C}.Release|Any CPU.ActiveCfg = Release|Any CPU
		{0A114E20-9EF2-48B4-A8F9-C24AD863C11C}.Release|Any CPU.Build.0 = Release|Any CPU
		{F9DE23F8-8B23-489A-ADA1-CABF1E9ED11C}.Debug|Any CPU.ActiveCfg = Debug|Any CPU
		{F9DE23F8-8B23-489A-ADA1-CABF1E9ED11C}.Debug|Any CPU.Build.0 = Debug|Any CPU
		{F9DE23F8-8B23-489A-ADA1-CABF1E9ED11C}.Release|Any CPU.ActiveCfg = Release|Any CPU
		{F9DE23F8-8B23-489A-ADA1-CABF1E9ED11C}.Release|Any CPU.Build.0 = Release|Any CPU
		{DD939586-C15B-48E7-A159-665C91A8D9A4}.Debug|Any CPU.ActiveCfg = Debug|Any CPU
		{DD939586-C15B-48E7-A159-665C91A8D9A4}.Debug|Any CPU.Build.0 = Debug|Any CPU
		{DD939586-C15B-48E7-A159-665C91A8D9A4}.Release|Any CPU.ActiveCfg = Release|Any CPU
		{DD939586-C15B-48E7-A159-665C91A8D9A4}.Release|Any CPU.Build.0 = Release|Any CPU
	EndGlobalSection
	GlobalSection(SolutionProperties) = preSolution
		HideSolutionNode = FALSE
	EndGlobalSection
	GlobalSection(NestedProjects) = preSolution
		{0A114E20-9EF2-48B4-A8F9-C24AD863C11C} = {1394428E-5379-4140-AC7B-1F185110B5AF}
		{F9DE23F8-8B23-489A-ADA1-CABF1E9ED11C} = {1394428E-5379-4140-AC7B-1F185110B5AF}
		{DD939586-C15B-48E7-A159-665C91A8D9A4} = {1394428E-5379-4140-AC7B-1F185110B5AF}
	EndGlobalSection
	GlobalSection(ExtensibilityGlobals) = postSolution
		SolutionGuid = {946FD7F8-4D2A-4520-AA92-C3E0F206B8E6}
	EndGlobalSection
EndGlobal
